
Microsoft Visual Studio Solution File, Format Version 12.00
# Visual Studio Version 16
VisualStudioVersion = 16.0.30717.126
MinimumVisualStudioVersion = 10.0.40219.1
Project("{2150E333-8FDC-42A3-9474-1A3956D46DE8}") = "Class projects", "Class projects", "{C9E7D1AC-B9EF-439A-A4D0-2C7C78CE7540}"
EndProject
Project("{2150E333-8FDC-42A3-9474-1A3956D46DE8}") = "FrontEnds", "FrontEnds", "{4F339AA9-A10E-4A18-A0E5-0D7B1E1F90EE}"
EndProject
Project("{778DAE3C-4631-46EA-AA77-85C1314464D9}") = "WinFormsApp1", "WinFormsApp1\WinFormsApp1.vbproj", "{BC8D8940-AB29-4BB7-B352-62AC13766246}"
EndProject
Project("{778DAE3C-4631-46EA-AA77-85C1314464D9}") = "NorthWindLibrary", "NorthWindLibrary\NorthWindLibrary.vbproj", "{78D5EAF7-196A-43D8-BAF9-299AA4B21D03}"
EndProject
Project("{778DAE3C-4631-46EA-AA77-85C1314464D9}") = "PartsLibrary", "PartsLibrary\PartsLibrary.vbproj", "{6034ACE7-5C6C-4A2E-A806-FEAC1F7DB8EA}"
EndProject
Project("{778DAE3C-4631-46EA-AA77-85C1314464D9}") = "ConfigurationHelper", "ConfigurationHelper\ConfigurationHelper.vbproj", "{838BEC77-4901-4490-8659-73ADDED9D410}"
EndProject
Project("{778DAE3C-4631-46EA-AA77-85C1314464D9}") = "UtilityLibrary", "UtilityLibrary\UtilityLibrary.vbproj", "{B253FDF1-AB5B-4120-B313-90B50DED923B}"
EndProject
Project("{778DAE3C-4631-46EA-AA77-85C1314464D9}") = "ValidationLibrary", "ValidationLibrary\ValidationLibrary.vbproj", "{B953BAFC-99A0-469F-BDAC-3079FFCFAE18}"
EndProject
Project("{2150E333-8FDC-42A3-9474-1A3956D46DE8}") = "Scripts", "Scripts", "{B41F7FB7-5DE5-46E8-9C53-9F9FD78120E1}"
	ProjectSection(SolutionItems) = preProject
		nothwind.sql = nothwind.sql
	EndProjectSection
EndProject
Project("{2150E333-8FDC-42A3-9474-1A3956D46DE8}") = "Solution Items", "Solution Items", "{926DED9C-BFF6-4CC1-9EDB-E2CCC08E468F}"
	ProjectSection(SolutionItems) = preProject
		readme.md = readme.md
	EndProjectSection
EndProject
Project("{778DAE3C-4631-46EA-AA77-85C1314464D9}") = "JsonLibrary1", "JsonLibrary1\JsonLibrary1.vbproj", "{4A9A8CFA-4094-4007-9A1A-F6327BEF9530}"
EndProject
Project("{778DAE3C-4631-46EA-AA77-85C1314464D9}") = "WorkingWithJsonConverter", "WorkingWithJsonConverter\WorkingWithJsonConverter.vbproj", "{694DD384-46BF-4578-9F51-3ADE7FFA9E2B}"
EndProject
Project("{778DAE3C-4631-46EA-AA77-85C1314464D9}") = "ConnectionStandard", "ConnectionStandard\ConnectionStandard.vbproj", "{7FB2971B-85B9-49FD-8835-A2A6C1EE2140}"
EndProject
Global
	GlobalSection(SolutionConfigurationPlatforms) = preSolution
		Debug|Any CPU = Debug|Any CPU
		Release|Any CPU = Release|Any CPU
	EndGlobalSection
	GlobalSection(ProjectConfigurationPlatforms) = postSolution
		{BC8D8940-AB29-4BB7-B352-62AC13766246}.Debug|Any CPU.ActiveCfg = Debug|Any CPU
		{BC8D8940-AB29-4BB7-B352-62AC13766246}.Debug|Any CPU.Build.0 = Debug|Any CPU
		{BC8D8940-AB29-4BB7-B352-62AC13766246}.Release|Any CPU.ActiveCfg = Release|Any CPU
		{BC8D8940-AB29-4BB7-B352-62AC13766246}.Release|Any CPU.Build.0 = Release|Any CPU
		{78D5EAF7-196A-43D8-BAF9-299AA4B21D03}.Debug|Any CPU.ActiveCfg = Debug|Any CPU
		{78D5EAF7-196A-43D8-BAF9-299AA4B21D03}.Debug|Any CPU.Build.0 = Debug|Any CPU
		{78D5EAF7-196A-43D8-BAF9-299AA4B21D03}.Release|Any CPU.ActiveCfg = Release|Any CPU
		{78D5EAF7-196A-43D8-BAF9-299AA4B21D03}.Release|Any CPU.Build.0 = Release|Any CPU
		{6034ACE7-5C6C-4A2E-A806-FEAC1F7DB8EA}.Debug|Any CPU.ActiveCfg = Debug|Any CPU
		{6034ACE7-5C6C-4A2E-A806-FEAC1F7DB8EA}.Debug|Any CPU.Build.0 = Debug|Any CPU
		{6034ACE7-5C6C-4A2E-A806-FEAC1F7DB8EA}.Release|Any CPU.ActiveCfg = Release|Any CPU
		{6034ACE7-5C6C-4A2E-A806-FEAC1F7DB8EA}.Release|Any CPU.Build.0 = Release|Any CPU
		{838BEC77-4901-4490-8659-73ADDED9D410}.Debug|Any CPU.ActiveCfg = Debug|Any CPU
		{838BEC77-4901-4490-8659-73ADDED9D410}.Debug|Any CPU.Build.0 = Debug|Any CPU
		{838BEC77-4901-4490-8659-73ADDED9D410}.Release|Any CPU.ActiveCfg = Release|Any CPU
		{838BEC77-4901-4490-8659-73ADDED9D410}.Release|Any CPU.Build.0 = Release|Any CPU
		{B253FDF1-AB5B-4120-B313-90B50DED923B}.Debug|Any CPU.ActiveCfg = Debug|Any CPU
		{B253FDF1-AB5B-4120-B313-90B50DED923B}.Debug|Any CPU.Build.0 = Debug|Any CPU
		{B253FDF1-AB5B-4120-B313-90B50DED923B}.Release|Any CPU.ActiveCfg = Release|Any CPU
		{B253FDF1-AB5B-4120-B313-90B50DED923B}.Release|Any CPU.Build.0 = Release|Any CPU
		{B953BAFC-99A0-469F-BDAC-3079FFCFAE18}.Debug|Any CPU.ActiveCfg = Debug|Any CPU
		{B953BAFC-99A0-469F-BDAC-3079FFCFAE18}.Debug|Any CPU.Build.0 = Debug|Any CPU
		{B953BAFC-99A0-469F-BDAC-3079FFCFAE18}.Release|Any CPU.ActiveCfg = Release|Any CPU
		{B953BAFC-99A0-469F-BDAC-3079FFCFAE18}.Release|Any CPU.Build.0 = Release|Any CPU
		{4A9A8CFA-4094-4007-9A1A-F6327BEF9530}.Debug|Any CPU.ActiveCfg = Debug|Any CPU
		{4A9A8CFA-4094-4007-9A1A-F6327BEF9530}.Debug|Any CPU.Build.0 = Debug|Any CPU
		{4A9A8CFA-4094-4007-9A1A-F6327BEF9530}.Release|Any CPU.ActiveCfg = Release|Any CPU
		{4A9A8CFA-4094-4007-9A1A-F6327BEF9530}.Release|Any CPU.Build.0 = Release|Any CPU
		{694DD384-46BF-4578-9F51-3ADE7FFA9E2B}.Debug|Any CPU.ActiveCfg = Debug|Any CPU
		{694DD384-46BF-4578-9F51-3ADE7FFA9E2B}.Debug|Any CPU.Build.0 = Debug|Any CPU
		{694DD384-46BF-4578-9F51-3ADE7FFA9E2B}.Release|Any CPU.ActiveCfg = Release|Any CPU
		{694DD384-46BF-4578-9F51-3ADE7FFA9E2B}.Release|Any CPU.Build.0 = Release|Any CPU
		{7FB2971B-85B9-49FD-8835-A2A6C1EE2140}.Debug|Any CPU.ActiveCfg = Debug|Any CPU
		{7FB2971B-85B9-49FD-8835-A2A6C1EE2140}.Debug|Any CPU.Build.0 = Debug|Any CPU
		{7FB2971B-85B9-49FD-8835-A2A6C1EE2140}.Release|Any CPU.ActiveCfg = Release|Any CPU
		{7FB2971B-85B9-49FD-8835-A2A6C1EE2140}.Release|Any CPU.Build.0 = Release|Any CPU
	EndGlobalSection
	GlobalSection(SolutionProperties) = preSolution
		HideSolutionNode = FALSE
	EndGlobalSection
	GlobalSection(NestedProjects) = preSolution
		{BC8D8940-AB29-4BB7-B352-62AC13766246} = {4F339AA9-A10E-4A18-A0E5-0D7B1E1F90EE}
		{78D5EAF7-196A-43D8-BAF9-299AA4B21D03} = {C9E7D1AC-B9EF-439A-A4D0-2C7C78CE7540}
		{6034ACE7-5C6C-4A2E-A806-FEAC1F7DB8EA} = {C9E7D1AC-B9EF-439A-A4D0-2C7C78CE7540}
		{838BEC77-4901-4490-8659-73ADDED9D410} = {C9E7D1AC-B9EF-439A-A4D0-2C7C78CE7540}
		{B253FDF1-AB5B-4120-B313-90B50DED923B} = {C9E7D1AC-B9EF-439A-A4D0-2C7C78CE7540}
		{B953BAFC-99A0-469F-BDAC-3079FFCFAE18} = {C9E7D1AC-B9EF-439A-A4D0-2C7C78CE7540}
		{4A9A8CFA-4094-4007-9A1A-F6327BEF9530} = {C9E7D1AC-B9EF-439A-A4D0-2C7C78CE7540}
		{694DD384-46BF-4578-9F51-3ADE7FFA9E2B} = {4F339AA9-A10E-4A18-A0E5-0D7B1E1F90EE}
		{7FB2971B-85B9-49FD-8835-A2A6C1EE2140} = {4F339AA9-A10E-4A18-A0E5-0D7B1E1F90EE}
	EndGlobalSection
	GlobalSection(ExtensibilityGlobals) = postSolution
		SolutionGuid = {311A4509-4018-4C1A-8AC9-74D7F414112A}
	EndGlobalSection
EndGlobal
